
Microsoft Visual Studio Solution File, Format Version 12.00
# Visual Studio Version 16
VisualStudioVersion = 16.0.31424.327
MinimumVisualStudioVersion = 10.0.40219.1
Project("{FAE04EC0-301F-11D3-BF4B-00C04F79EFBC}") = "2.1.AdivinaNumero", "2.1.AdivinaNumero\2.1.AdivinaNumero.csproj", "{0528724D-302E-436B-B6AA-11307B1AA916}"
EndProject
Global
	GlobalSection(SolutionConfigurationPlatforms) = preSolution
		Debug|Any CPU = Debug|Any CPU
		Release|Any CPU = Release|Any CPU
	EndGlobalSection
	GlobalSection(ProjectConfigurationPlatforms) = postSolution
		{0528724D-302E-436B-B6AA-11307B1AA916}.Debug|Any CPU.ActiveCfg = Debug|Any CPU
		{0528724D-302E-436B-B6AA-11307B1AA916}.Debug|Any CPU.Build.0 = Debug|Any CPU
		{0528724D-302E-436B-B6AA-11307B1AA916}.Release|Any CPU.ActiveCfg = Release|Any CPU
		{0528724D-302E-436B-B6AA-11307B1AA916}.Release|Any CPU.Build.0 = Release|Any CPU
	EndGlobalSection
	GlobalSection(SolutionProperties) = preSolution
		HideSolutionNode = FALSE
	EndGlobalSection
	GlobalSection(ExtensibilityGlobals) = postSolution
		SolutionGuid = {685F0947-1CFD-4771-AB09-A1053FB5E2D2}
	EndGlobalSection
EndGlobal
